
Microsoft Visual Studio Solution File, Format Version 12.00
# Visual Studio Version 16
VisualStudioVersion = 16.0.31025.194
MinimumVisualStudioVersion = 10.0.40219.1
Project("{FAE04EC0-301F-11D3-BF4B-00C04F79EFBC}") = "Stima2", "Stima2\Stima2.csproj", "{485060E2-BA6A-47D5-80A3-DE1C7BE37704}"
EndProject
Global
	GlobalSection(SolutionConfigurationPlatforms) = preSolution
		Debug|Any CPU = Debug|Any CPU
		Release|Any CPU = Release|Any CPU
	EndGlobalSection
	GlobalSection(ProjectConfigurationPlatforms) = postSolution
		{485060E2-BA6A-47D5-80A3-DE1C7BE37704}.Debug|Any CPU.ActiveCfg = Debug|Any CPU
		{485060E2-BA6A-47D5-80A3-DE1C7BE37704}.Debug|Any CPU.Build.0 = Debug|Any CPU
		{485060E2-BA6A-47D5-80A3-DE1C7BE37704}.Release|Any CPU.ActiveCfg = Release|Any CPU
		{485060E2-BA6A-47D5-80A3-DE1C7BE37704}.Release|Any CPU.Build.0 = Release|Any CPU
	EndGlobalSection
	GlobalSection(SolutionProperties) = preSolution
		HideSolutionNode = FALSE
	EndGlobalSection
	GlobalSection(ExtensibilityGlobals) = postSolution
		SolutionGuid = {1F729BB6-1682-4215-892E-7532C54FD2E6}
	EndGlobalSection
EndGlobal
